
Microsoft Visual Studio Solution File, Format Version 12.00
# Visual Studio Version 16
VisualStudioVersion = 16.0.30517.126
MinimumVisualStudioVersion = 15.0.26124.0
Project("{9A19103F-16F7-4668-BE54-9A1E7A4F7556}") = "AWS.Insurance.Operations.Api", "src\OperationsService\AWS.Insurance.Operations.Api\AWS.Insurance.Operations.Api.csproj", "{7C418726-08C1-45B4-8041-C9F15B2CC565}"
EndProject
Project("{9A19103F-16F7-4668-BE54-9A1E7A4F7556}") = "AWS.Insurance.Operations.Application", "src\OperationsService\AWS.Insurance.Operations.Application\AWS.Insurance.Operations.Application.csproj", "{C7AADB89-7313-4976-B607-11D891BC632B}"
EndProject
Project("{9A19103F-16F7-4668-BE54-9A1E7A4F7556}") = "AWS.Insurance.Operations.Domain", "src\OperationsService\AWS.Insurance.Operations.Domain\AWS.Insurance.Operations.Domain.csproj", "{7517D2BE-15B3-4270-8AAA-B3308CBF2F04}"
EndProject
Project("{9A19103F-16F7-4668-BE54-9A1E7A4F7556}") = "AWS.Insurance.Operations.Data", "src\OperationsService\AWS.Insurance.Operations.Data\AWS.Insurance.Operations.Data.csproj", "{B91933D1-4468-43AD-AC3E-53E3B8110FF7}"
EndProject
Project("{2150E333-8FDC-42A3-9474-1A3956D46DE8}") = "src", "src", "{31E9283A-DF23-4E1D-B072-045676ACAF2B}"
EndProject
Project("{2150E333-8FDC-42A3-9474-1A3956D46DE8}") = "LocationsService", "LocationsService", "{ACCE53B9-269E-4413-BE56-D0F841D45DF0}"
EndProject
Project("{9A19103F-16F7-4668-BE54-9A1E7A4F7556}") = "AWS.Insurance.Locations.Api", "src\LocationsService\AWS.Insurance.Locations.Api\AWS.Insurance.Locations.Api.csproj", "{4A6FEC7F-AD1C-45EB-B2FB-7F8B843320A9}"
EndProject
Project("{9A19103F-16F7-4668-BE54-9A1E7A4F7556}") = "AWS.Insurance.Locations.Domain", "src\LocationsService\AWS.Insurance.Locations.Domain\AWS.Insurance.Locations.Domain.csproj", "{70FB2CBF-94E6-48D7-9462-DD2C3ECCEF13}"
EndProject
Project("{9A19103F-16F7-4668-BE54-9A1E7A4F7556}") = "AWS.Insurance.Locations.Infra", "src\LocationsService\AWS.Insurance.Locations.Infra\AWS.Insurance.Locations.Infra.csproj", "{D63F9EFC-BC44-4713-A60C-E536510C09C3}"
EndProject
Project("{2150E333-8FDC-42A3-9474-1A3956D46DE8}") = "OperationsService", "OperationsService", "{D4550DB5-D910-44F6-9C4C-B23E6DA6E717}"
EndProject
Project("{9A19103F-16F7-4668-BE54-9A1E7A4F7556}") = "AWS.Insurance.Operations.Infra", "src\OperationsService\AWS.Insurance.Operations.Infra\AWS.Insurance.Operations.Infra.csproj", "{E25D8DAC-3F81-4C85-A30C-A881543F061C}"
EndProject
Project("{2150E333-8FDC-42A3-9474-1A3956D46DE8}") = "items", "items", "{252293CD-F69B-4277-B2F8-D9C1AEEDC29A}"
	ProjectSection(SolutionItems) = preProject
		docker-compose.yml = docker-compose.yml
		exec-mysql-docker.sh = exec-mysql-docker.sh
	EndProjectSection
EndProject
Project("{2150E333-8FDC-42A3-9474-1A3956D46DE8}") = "tests", "tests", "{BD4C8249-87B4-4DF6-A102-E7103457D60D}"
EndProject
Project("{2150E333-8FDC-42A3-9474-1A3956D46DE8}") = "LocationsService", "LocationsService", "{1460242B-2F95-4B20-BB77-070A241165C6}"
EndProject
Project("{9A19103F-16F7-4668-BE54-9A1E7A4F7556}") = "AWS.Insurance.Locations.Tests", "tests\AWS.Insurance.Locations.Tests\AWS.Insurance.Locations.Tests.csproj", "{8968E830-8FD0-4D20-9459-963410F07881}"
EndProject
Project("{2150E333-8FDC-42A3-9474-1A3956D46DE8}") = "OperationsService", "OperationsService", "{E3B5870E-9BC6-4018-982D-19BEA1A55C4F}"
EndProject
Project("{9A19103F-16F7-4668-BE54-9A1E7A4F7556}") = "AWS.Insurance.Operations.Tests", "tests\AWS.Insurance.Operations.Tests\AWS.Insurance.Operations.Tests.csproj", "{843702A3-7132-4EEB-81CA-6A7DB34CB854}"
EndProject
Project("{9A19103F-16F7-4668-BE54-9A1E7A4F7556}") = "AWS.Insurance.STS.Api", "src\STSService\AWS.Insurance.STS.Api\AWS.Insurance.STS.Api.csproj", "{BFB9B466-2540-447C-AB52-0029DC1951EA}"
EndProject
Project("{2150E333-8FDC-42A3-9474-1A3956D46DE8}") = "STSService", "STSService", "{DE931B00-A06D-4DAD-8C0B-7AE21CE0B4AC}"
EndProject
Project("{9A19103F-16F7-4668-BE54-9A1E7A4F7556}") = "AWS.Insurance.STS.Infra", "src\STSService\AWS.Insurance.STS.Infra\AWS.Insurance.STS.Infra.csproj", "{0A2CE371-FA1E-4EC1-BD79-ABA9F9D0AB8E}"
EndProject
Project("{9A19103F-16F7-4668-BE54-9A1E7A4F7556}") = "AWS.Insurance.STS.Application", "src\STSService\AWS.Insurance.STS.Application\AWS.Insurance.STS.Application.csproj", "{9CD75BD3-4CE1-4613-9514-732F2D094F62}"
EndProject
Project("{2150E333-8FDC-42A3-9474-1A3956D46DE8}") = "STSService", "STSService", "{DE690E73-8FE9-405C-B3AA-46E0CE9AE375}"
EndProject
Project("{FAE04EC0-301F-11D3-BF4B-00C04F79EFBC}") = "AWS.Insurance.STS.Tests", "tests\AWS.Insurance.STS.Tests\AWS.Insurance.STS.Tests.csproj", "{1BB86BB0-7631-4DB6-9F01-F3E64D22681F}"
EndProject
Global
	GlobalSection(SolutionConfigurationPlatforms) = preSolution
		Debug|Any CPU = Debug|Any CPU
		Debug|x64 = Debug|x64
		Debug|x86 = Debug|x86
		Release|Any CPU = Release|Any CPU
		Release|x64 = Release|x64
		Release|x86 = Release|x86
	EndGlobalSection
	GlobalSection(ProjectConfigurationPlatforms) = postSolution
		{7C418726-08C1-45B4-8041-C9F15B2CC565}.Debug|Any CPU.ActiveCfg = Debug|Any CPU
		{7C418726-08C1-45B4-8041-C9F15B2CC565}.Debug|Any CPU.Build.0 = Debug|Any CPU
		{7C418726-08C1-45B4-8041-C9F15B2CC565}.Debug|x64.ActiveCfg = Debug|Any CPU
		{7C418726-08C1-45B4-8041-C9F15B2CC565}.Debug|x64.Build.0 = Debug|Any CPU
		{7C418726-08C1-45B4-8041-C9F15B2CC565}.Debug|x86.ActiveCfg = Debug|Any CPU
		{7C418726-08C1-45B4-8041-C9F15B2CC565}.Debug|x86.Build.0 = Debug|Any CPU
		{7C418726-08C1-45B4-8041-C9F15B2CC565}.Release|Any CPU.ActiveCfg = Release|Any CPU
		{7C418726-08C1-45B4-8041-C9F15B2CC565}.Release|Any CPU.Build.0 = Release|Any CPU
		{7C418726-08C1-45B4-8041-C9F15B2CC565}.Release|x64.ActiveCfg = Release|Any CPU
		{7C418726-08C1-45B4-8041-C9F15B2CC565}.Release|x64.Build.0 = Release|Any CPU
		{7C418726-08C1-45B4-8041-C9F15B2CC565}.Release|x86.ActiveCfg = Release|Any CPU
		{7C418726-08C1-45B4-8041-C9F15B2CC565}.Release|x86.Build.0 = Release|Any CPU
		{C7AADB89-7313-4976-B607-11D891BC632B}.Debug|Any CPU.ActiveCfg = Debug|Any CPU
		{C7AADB89-7313-4976-B607-11D891BC632B}.Debug|Any CPU.Build.0 = Debug|Any CPU
		{C7AADB89-7313-4976-B607-11D891BC632B}.Debug|x64.ActiveCfg = Debug|Any CPU
		{C7AADB89-7313-4976-B607-11D891BC632B}.Debug|x64.Build.0 = Debug|Any CPU
		{C7AADB89-7313-4976-B607-11D891BC632B}.Debug|x86.ActiveCfg = Debug|Any CPU
		{C7AADB89-7313-4976-B607-11D891BC632B}.Debug|x86.Build.0 = Debug|Any CPU
		{C7AADB89-7313-4976-B607-11D891BC632B}.Release|Any CPU.ActiveCfg = Release|Any CPU
		{C7AADB89-7313-4976-B607-11D891BC632B}.Release|Any CPU.Build.0 = Release|Any CPU
		{C7AADB89-7313-4976-B607-11D891BC632B}.Release|x64.ActiveCfg = Release|Any CPU
		{C7AADB89-7313-4976-B607-11D891BC632B}.Release|x64.Build.0 = Release|Any CPU
		{C7AADB89-7313-4976-B607-11D891BC632B}.Release|x86.ActiveCfg = Release|Any CPU
		{C7AADB89-7313-4976-B607-11D891BC632B}.Release|x86.Build.0 = Release|Any CPU
		{7517D2BE-15B3-4270-8AAA-B3308CBF2F04}.Debug|Any CPU.ActiveCfg = Debug|Any CPU
		{7517D2BE-15B3-4270-8AAA-B3308CBF2F04}.Debug|Any CPU.Build.0 = Debug|Any CPU
		{7517D2BE-15B3-4270-8AAA-B3308CBF2F04}.Debug|x64.ActiveCfg = Debug|Any CPU
		{7517D2BE-15B3-4270-8AAA-B3308CBF2F04}.Debug|x64.Build.0 = Debug|Any CPU
		{7517D2BE-15B3-4270-8AAA-B3308CBF2F04}.Debug|x86.ActiveCfg = Debug|Any CPU
		{7517D2BE-15B3-4270-8AAA-B3308CBF2F04}.Debug|x86.Build.0 = Debug|Any CPU
		{7517D2BE-15B3-4270-8AAA-B3308CBF2F04}.Release|Any CPU.ActiveCfg = Release|Any CPU
		{7517D2BE-15B3-4270-8AAA-B3308CBF2F04}.Release|Any CPU.Build.0 = Release|Any CPU
		{7517D2BE-15B3-4270-8AAA-B3308CBF2F04}.Release|x64.ActiveCfg = Release|Any CPU
		{7517D2BE-15B3-4270-8AAA-B3308CBF2F04}.Release|x64.Build.0 = Release|Any CPU
		{7517D2BE-15B3-4270-8AAA-B3308CBF2F04}.Release|x86.ActiveCfg = Release|Any CPU
		{7517D2BE-15B3-4270-8AAA-B3308CBF2F04}.Release|x86.Build.0 = Release|Any CPU
		{B91933D1-4468-43AD-AC3E-53E3B8110FF7}.Debug|Any CPU.ActiveCfg = Debug|Any CPU
		{B91933D1-4468-43AD-AC3E-53E3B8110FF7}.Debug|Any CPU.Build.0 = Debug|Any CPU
		{B91933D1-4468-43AD-AC3E-53E3B8110FF7}.Debug|x64.ActiveCfg = Debug|Any CPU
		{B91933D1-4468-43AD-AC3E-53E3B8110FF7}.Debug|x64.Build.0 = Debug|Any CPU
		{B91933D1-4468-43AD-AC3E-53E3B8110FF7}.Debug|x86.ActiveCfg = Debug|Any CPU
		{B91933D1-4468-43AD-AC3E-53E3B8110FF7}.Debug|x86.Build.0 = Debug|Any CPU
		{B91933D1-4468-43AD-AC3E-53E3B8110FF7}.Release|Any CPU.ActiveCfg = Release|Any CPU
		{B91933D1-4468-43AD-AC3E-53E3B8110FF7}.Release|Any CPU.Build.0 = Release|Any CPU
		{B91933D1-4468-43AD-AC3E-53E3B8110FF7}.Release|x64.ActiveCfg = Release|Any CPU
		{B91933D1-4468-43AD-AC3E-53E3B8110FF7}.Release|x64.Build.0 = Release|Any CPU
		{B91933D1-4468-43AD-AC3E-53E3B8110FF7}.Release|x86.ActiveCfg = Release|Any CPU
		{B91933D1-4468-43AD-AC3E-53E3B8110FF7}.Release|x86.Build.0 = Release|Any CPU
		{4A6FEC7F-AD1C-45EB-B2FB-7F8B843320A9}.Debug|Any CPU.ActiveCfg = Debug|Any CPU
		{4A6FEC7F-AD1C-45EB-B2FB-7F8B843320A9}.Debug|Any CPU.Build.0 = Debug|Any CPU
		{4A6FEC7F-AD1C-45EB-B2FB-7F8B843320A9}.Debug|x64.ActiveCfg = Debug|Any CPU
		{4A6FEC7F-AD1C-45EB-B2FB-7F8B843320A9}.Debug|x64.Build.0 = Debug|Any CPU
		{4A6FEC7F-AD1C-45EB-B2FB-7F8B843320A9}.Debug|x86.ActiveCfg = Debug|Any CPU
		{4A6FEC7F-AD1C-45EB-B2FB-7F8B843320A9}.Debug|x86.Build.0 = Debug|Any CPU
		{4A6FEC7F-AD1C-45EB-B2FB-7F8B843320A9}.Release|Any CPU.ActiveCfg = Release|Any CPU
		{4A6FEC7F-AD1C-45EB-B2FB-7F8B843320A9}.Release|Any CPU.Build.0 = Release|Any CPU
		{4A6FEC7F-AD1C-45EB-B2FB-7F8B843320A9}.Release|x64.ActiveCfg = Release|Any CPU
		{4A6FEC7F-AD1C-45EB-B2FB-7F8B843320A9}.Release|x64.Build.0 = Release|Any CPU
		{4A6FEC7F-AD1C-45EB-B2FB-7F8B843320A9}.Release|x86.ActiveCfg = Release|Any CPU
		{4A6FEC7F-AD1C-45EB-B2FB-7F8B843320A9}.Release|x86.Build.0 = Release|Any CPU
		{70FB2CBF-94E6-48D7-9462-DD2C3ECCEF13}.Debug|Any CPU.ActiveCfg = Debug|Any CPU
		{70FB2CBF-94E6-48D7-9462-DD2C3ECCEF13}.Debug|Any CPU.Build.0 = Debug|Any CPU
		{70FB2CBF-94E6-48D7-9462-DD2C3ECCEF13}.Debug|x64.ActiveCfg = Debug|Any CPU
		{70FB2CBF-94E6-48D7-9462-DD2C3ECCEF13}.Debug|x64.Build.0 = Debug|Any CPU
		{70FB2CBF-94E6-48D7-9462-DD2C3ECCEF13}.Debug|x86.ActiveCfg = Debug|Any CPU
		{70FB2CBF-94E6-48D7-9462-DD2C3ECCEF13}.Debug|x86.Build.0 = Debug|Any CPU
		{70FB2CBF-94E6-48D7-9462-DD2C3ECCEF13}.Release|Any CPU.ActiveCfg = Release|Any CPU
		{70FB2CBF-94E6-48D7-9462-DD2C3ECCEF13}.Release|Any CPU.Build.0 = Release|Any CPU
		{70FB2CBF-94E6-48D7-9462-DD2C3ECCEF13}.Release|x64.ActiveCfg = Release|Any CPU
		{70FB2CBF-94E6-48D7-9462-DD2C3ECCEF13}.Release|x64.Build.0 = Release|Any CPU
		{70FB2CBF-94E6-48D7-9462-DD2C3ECCEF13}.Release|x86.ActiveCfg = Release|Any CPU
		{70FB2CBF-94E6-48D7-9462-DD2C3ECCEF13}.Release|x86.Build.0 = Release|Any CPU
		{D63F9EFC-BC44-4713-A60C-E536510C09C3}.Debug|Any CPU.ActiveCfg = Debug|Any CPU
		{D63F9EFC-BC44-4713-A60C-E536510C09C3}.Debug|Any CPU.Build.0 = Debug|Any CPU
		{D63F9EFC-BC44-4713-A60C-E536510C09C3}.Debug|x64.ActiveCfg = Debug|Any CPU
		{D63F9EFC-BC44-4713-A60C-E536510C09C3}.Debug|x64.Build.0 = Debug|Any CPU
		{D63F9EFC-BC44-4713-A60C-E536510C09C3}.Debug|x86.ActiveCfg = Debug|Any CPU
		{D63F9EFC-BC44-4713-A60C-E536510C09C3}.Debug|x86.Build.0 = Debug|Any CPU
		{D63F9EFC-BC44-4713-A60C-E536510C09C3}.Release|Any CPU.ActiveCfg = Release|Any CPU
		{D63F9EFC-BC44-4713-A60C-E536510C09C3}.Release|Any CPU.Build.0 = Release|Any CPU
		{D63F9EFC-BC44-4713-A60C-E536510C09C3}.Release|x64.ActiveCfg = Release|Any CPU
		{D63F9EFC-BC44-4713-A60C-E536510C09C3}.Release|x64.Build.0 = Release|Any CPU
		{D63F9EFC-BC44-4713-A60C-E536510C09C3}.Release|x86.ActiveCfg = Release|Any CPU
		{D63F9EFC-BC44-4713-A60C-E536510C09C3}.Release|x86.Build.0 = Release|Any CPU
		{E25D8DAC-3F81-4C85-A30C-A881543F061C}.Debug|Any CPU.ActiveCfg = Debug|Any CPU
		{E25D8DAC-3F81-4C85-A30C-A881543F061C}.Debug|Any CPU.Build.0 = Debug|Any CPU
		{E25D8DAC-3F81-4C85-A30C-A881543F061C}.Debug|x64.ActiveCfg = Debug|Any CPU
		{E25D8DAC-3F81-4C85-A30C-A881543F061C}.Debug|x64.Build.0 = Debug|Any CPU
		{E25D8DAC-3F81-4C85-A30C-A881543F061C}.Debug|x86.ActiveCfg = Debug|Any CPU
		{E25D8DAC-3F81-4C85-A30C-A881543F061C}.Debug|x86.Build.0 = Debug|Any CPU
		{E25D8DAC-3F81-4C85-A30C-A881543F061C}.Release|Any CPU.ActiveCfg = Release|Any CPU
		{E25D8DAC-3F81-4C85-A30C-A881543F061C}.Release|Any CPU.Build.0 = Release|Any CPU
		{E25D8DAC-3F81-4C85-A30C-A881543F061C}.Release|x64.ActiveCfg = Release|Any CPU
		{E25D8DAC-3F81-4C85-A30C-A881543F061C}.Release|x64.Build.0 = Release|Any CPU
		{E25D8DAC-3F81-4C85-A30C-A881543F061C}.Release|x86.ActiveCfg = Release|Any CPU
		{E25D8DAC-3F81-4C85-A30C-A881543F061C}.Release|x86.Build.0 = Release|Any CPU
		{8968E830-8FD0-4D20-9459-963410F07881}.Debug|Any CPU.ActiveCfg = Debug|Any CPU
		{8968E830-8FD0-4D20-9459-963410F07881}.Debug|Any CPU.Build.0 = Debug|Any CPU
		{8968E830-8FD0-4D20-9459-963410F07881}.Debug|x64.ActiveCfg = Debug|Any CPU
		{8968E830-8FD0-4D20-9459-963410F07881}.Debug|x64.Build.0 = Debug|Any CPU
		{8968E830-8FD0-4D20-9459-963410F07881}.Debug|x86.ActiveCfg = Debug|Any CPU
		{8968E830-8FD0-4D20-9459-963410F07881}.Debug|x86.Build.0 = Debug|Any CPU
		{8968E830-8FD0-4D20-9459-963410F07881}.Release|Any CPU.ActiveCfg = Release|Any CPU
		{8968E830-8FD0-4D20-9459-963410F07881}.Release|Any CPU.Build.0 = Release|Any CPU
		{8968E830-8FD0-4D20-9459-963410F07881}.Release|x64.ActiveCfg = Release|Any CPU
		{8968E830-8FD0-4D20-9459-963410F07881}.Release|x64.Build.0 = Release|Any CPU
		{8968E830-8FD0-4D20-9459-963410F07881}.Release|x86.ActiveCfg = Release|Any CPU
		{8968E830-8FD0-4D20-9459-963410F07881}.Release|x86.Build.0 = Release|Any CPU
		{843702A3-7132-4EEB-81CA-6A7DB34CB854}.Debug|Any CPU.ActiveCfg = Debug|Any CPU
		{843702A3-7132-4EEB-81CA-6A7DB34CB854}.Debug|Any CPU.Build.0 = Debug|Any CPU
		{843702A3-7132-4EEB-81CA-6A7DB34CB854}.Debug|x64.ActiveCfg = Debug|Any CPU
		{843702A3-7132-4EEB-81CA-6A7DB34CB854}.Debug|x64.Build.0 = Debug|Any CPU
		{843702A3-7132-4EEB-81CA-6A7DB34CB854}.Debug|x86.ActiveCfg = Debug|Any CPU
		{843702A3-7132-4EEB-81CA-6A7DB34CB854}.Debug|x86.Build.0 = Debug|Any CPU
		{843702A3-7132-4EEB-81CA-6A7DB34CB854}.Release|Any CPU.ActiveCfg = Release|Any CPU
		{843702A3-7132-4EEB-81CA-6A7DB34CB854}.Release|Any CPU.Build.0 = Release|Any CPU
		{843702A3-7132-4EEB-81CA-6A7DB34CB854}.Release|x64.ActiveCfg = Release|Any CPU
		{843702A3-7132-4EEB-81CA-6A7DB34CB854}.Release|x64.Build.0 = Release|Any CPU
		{843702A3-7132-4EEB-81CA-6A7DB34CB854}.Release|x86.ActiveCfg = Release|Any CPU
		{843702A3-7132-4EEB-81CA-6A7DB34CB854}.Release|x86.Build.0 = Release|Any CPU
		{BFB9B466-2540-447C-AB52-0029DC1951EA}.Debug|Any CPU.ActiveCfg = Debug|Any CPU
		{BFB9B466-2540-447C-AB52-0029DC1951EA}.Debug|Any CPU.Build.0 = Debug|Any CPU
		{BFB9B466-2540-447C-AB52-0029DC1951EA}.Debug|x64.ActiveCfg = Debug|Any CPU
		{BFB9B466-2540-447C-AB52-0029DC1951EA}.Debug|x64.Build.0 = Debug|Any CPU
		{BFB9B466-2540-447C-AB52-0029DC1951EA}.Debug|x86.ActiveCfg = Debug|Any CPU
		{BFB9B466-2540-447C-AB52-0029DC1951EA}.Debug|x86.Build.0 = Debug|Any CPU
		{BFB9B466-2540-447C-AB52-0029DC1951EA}.Release|Any CPU.ActiveCfg = Release|Any CPU
		{BFB9B466-2540-447C-AB52-0029DC1951EA}.Release|Any CPU.Build.0 = Release|Any CPU
		{BFB9B466-2540-447C-AB52-0029DC1951EA}.Release|x64.ActiveCfg = Release|Any CPU
		{BFB9B466-2540-447C-AB52-0029DC1951EA}.Release|x64.Build.0 = Release|Any CPU
		{BFB9B466-2540-447C-AB52-0029DC1951EA}.Release|x86.ActiveCfg = Release|Any CPU
		{BFB9B466-2540-447C-AB52-0029DC1951EA}.Release|x86.Build.0 = Release|Any CPU
		{0A2CE371-FA1E-4EC1-BD79-ABA9F9D0AB8E}.Debug|Any CPU.ActiveCfg = Debug|Any CPU
		{0A2CE371-FA1E-4EC1-BD79-ABA9F9D0AB8E}.Debug|Any CPU.Build.0 = Debug|Any CPU
		{0A2CE371-FA1E-4EC1-BD79-ABA9F9D0AB8E}.Debug|x64.ActiveCfg = Debug|Any CPU
		{0A2CE371-FA1E-4EC1-BD79-ABA9F9D0AB8E}.Debug|x64.Build.0 = Debug|Any CPU
		{0A2CE371-FA1E-4EC1-BD79-ABA9F9D0AB8E}.Debug|x86.ActiveCfg = Debug|Any CPU
		{0A2CE371-FA1E-4EC1-BD79-ABA9F9D0AB8E}.Debug|x86.Build.0 = Debug|Any CPU
		{0A2CE371-FA1E-4EC1-BD79-ABA9F9D0AB8E}.Release|Any CPU.ActiveCfg = Release|Any CPU
		{0A2CE371-FA1E-4EC1-BD79-ABA9F9D0AB8E}.Release|Any CPU.Build.0 = Release|Any CPU
		{0A2CE371-FA1E-4EC1-BD79-ABA9F9D0AB8E}.Release|x64.ActiveCfg = Release|Any CPU
		{0A2CE371-FA1E-4EC1-BD79-ABA9F9D0AB8E}.Release|x64.Build.0 = Release|Any CPU
		{0A2CE371-FA1E-4EC1-BD79-ABA9F9D0AB8E}.Release|x86.ActiveCfg = Release|Any CPU
		{0A2CE371-FA1E-4EC1-BD79-ABA9F9D0AB8E}.Release|x86.Build.0 = Release|Any CPU
		{9CD75BD3-4CE1-4613-9514-732F2D094F62}.Debug|Any CPU.ActiveCfg = Debug|Any CPU
		{9CD75BD3-4CE1-4613-9514-732F2D094F62}.Debug|Any CPU.Build.0 = Debug|Any CPU
		{9CD75BD3-4CE1-4613-9514-732F2D094F62}.Debug|x64.ActiveCfg = Debug|Any CPU
		{9CD75BD3-4CE1-4613-9514-732F2D094F62}.Debug|x64.Build.0 = Debug|Any CPU
		{9CD75BD3-4CE1-4613-9514-732F2D094F62}.Debug|x86.ActiveCfg = Debug|Any CPU
		{9CD75BD3-4CE1-4613-9514-732F2D094F62}.Debug|x86.Build.0 = Debug|Any CPU
		{9CD75BD3-4CE1-4613-9514-732F2D094F62}.Release|Any CPU.ActiveCfg = Release|Any CPU
		{9CD75BD3-4CE1-4613-9514-732F2D094F62}.Release|Any CPU.Build.0 = Release|Any CPU
		{9CD75BD3-4CE1-4613-9514-732F2D094F62}.Release|x64.ActiveCfg = Release|Any CPU
		{9CD75BD3-4CE1-4613-9514-732F2D094F62}.Release|x64.Build.0 = Release|Any CPU
		{9CD75BD3-4CE1-4613-9514-732F2D094F62}.Release|x86.ActiveCfg = Release|Any CPU
		{9CD75BD3-4CE1-4613-9514-732F2D094F62}.Release|x86.Build.0 = Release|Any CPU
		{1BB86BB0-7631-4DB6-9F01-F3E64D22681F}.Debug|Any CPU.ActiveCfg = Debug|Any CPU
		{1BB86BB0-7631-4DB6-9F01-F3E64D22681F}.Debug|Any CPU.Build.0 = Debug|Any CPU
		{1BB86BB0-7631-4DB6-9F01-F3E64D22681F}.Debug|x64.ActiveCfg = Debug|Any CPU
		{1BB86BB0-7631-4DB6-9F01-F3E64D22681F}.Debug|x64.Build.0 = Debug|Any CPU
		{1BB86BB0-7631-4DB6-9F01-F3E64D22681F}.Debug|x86.ActiveCfg = Debug|Any CPU
		{1BB86BB0-7631-4DB6-9F01-F3E64D22681F}.Debug|x86.Build.0 = Debug|Any CPU
		{1BB86BB0-7631-4DB6-9F01-F3E64D22681F}.Release|Any CPU.ActiveCfg = Release|Any CPU
		{1BB86BB0-7631-4DB6-9F01-F3E64D22681F}.Release|Any CPU.Build.0 = Release|Any CPU
		{1BB86BB0-7631-4DB6-9F01-F3E64D22681F}.Release|x64.ActiveCfg = Release|Any CPU
		{1BB86BB0-7631-4DB6-9F01-F3E64D22681F}.Release|x64.Build.0 = Release|Any CPU
		{1BB86BB0-7631-4DB6-9F01-F3E64D22681F}.Release|x86.ActiveCfg = Release|Any CPU
		{1BB86BB0-7631-4DB6-9F01-F3E64D22681F}.Release|x86.Build.0 = Release|Any CPU
	EndGlobalSection
	GlobalSection(SolutionProperties) = preSolution
		HideSolutionNode = FALSE
	EndGlobalSection
	GlobalSection(NestedProjects) = preSolution
		{7C418726-08C1-45B4-8041-C9F15B2CC565} = {D4550DB5-D910-44F6-9C4C-B23E6DA6E717}
		{C7AADB89-7313-4976-B607-11D891BC632B} = {D4550DB5-D910-44F6-9C4C-B23E6DA6E717}
		{7517D2BE-15B3-4270-8AAA-B3308CBF2F04} = {D4550DB5-D910-44F6-9C4C-B23E6DA6E717}
		{B91933D1-4468-43AD-AC3E-53E3B8110FF7} = {D4550DB5-D910-44F6-9C4C-B23E6DA6E717}
		{ACCE53B9-269E-4413-BE56-D0F841D45DF0} = {31E9283A-DF23-4E1D-B072-045676ACAF2B}
		{4A6FEC7F-AD1C-45EB-B2FB-7F8B843320A9} = {ACCE53B9-269E-4413-BE56-D0F841D45DF0}
		{70FB2CBF-94E6-48D7-9462-DD2C3ECCEF13} = {ACCE53B9-269E-4413-BE56-D0F841D45DF0}
		{D63F9EFC-BC44-4713-A60C-E536510C09C3} = {ACCE53B9-269E-4413-BE56-D0F841D45DF0}
		{D4550DB5-D910-44F6-9C4C-B23E6DA6E717} = {31E9283A-DF23-4E1D-B072-045676ACAF2B}
		{E25D8DAC-3F81-4C85-A30C-A881543F061C} = {D4550DB5-D910-44F6-9C4C-B23E6DA6E717}
		{1460242B-2F95-4B20-BB77-070A241165C6} = {BD4C8249-87B4-4DF6-A102-E7103457D60D}
		{8968E830-8FD0-4D20-9459-963410F07881} = {1460242B-2F95-4B20-BB77-070A241165C6}
		{E3B5870E-9BC6-4018-982D-19BEA1A55C4F} = {BD4C8249-87B4-4DF6-A102-E7103457D60D}
		{843702A3-7132-4EEB-81CA-6A7DB34CB854} = {E3B5870E-9BC6-4018-982D-19BEA1A55C4F}
		{BFB9B466-2540-447C-AB52-0029DC1951EA} = {DE931B00-A06D-4DAD-8C0B-7AE21CE0B4AC}
		{DE931B00-A06D-4DAD-8C0B-7AE21CE0B4AC} = {31E9283A-DF23-4E1D-B072-045676ACAF2B}
		{0A2CE371-FA1E-4EC1-BD79-ABA9F9D0AB8E} = {DE931B00-A06D-4DAD-8C0B-7AE21CE0B4AC}
		{9CD75BD3-4CE1-4613-9514-732F2D094F62} = {DE931B00-A06D-4DAD-8C0B-7AE21CE0B4AC}
		{DE690E73-8FE9-405C-B3AA-46E0CE9AE375} = {BD4C8249-87B4-4DF6-A102-E7103457D60D}
		{1BB86BB0-7631-4DB6-9F01-F3E64D22681F} = {DE690E73-8FE9-405C-B3AA-46E0CE9AE375}
	EndGlobalSection
	GlobalSection(ExtensibilityGlobals) = postSolution
		SolutionGuid = {899F224D-A89D-4952-995E-4499E0D4F4B4}
	EndGlobalSection
EndGlobal
